<?xml version="1.0" encoding="utf-8"?>
<Project ToolsVersion="4.0" xmlns="http://schemas.microsoft.com/developer/msbuild/2003">
  <ItemGroup>
    <Filter Include="소스 파일">
      <UniqueIdentifier>{4FC737F1-C7A5-4376-A066-2A32D752A2FF}</UniqueIdentifier>
      <Extensions>cpp;c;cc;cxx;def;odl;idl;hpj;bat;asm;asmx</Extensions>
    </Filter>
    <Filter Include="헤더 파일">
      <UniqueIdentifier>{93995380-89BD-4b04-88EB-625FBE52EBFB}</UniqueIdentifier>
      <Extensions>h;hh;hpp;hxx;hm;inl;inc;xsd</Extensions>
    </Filter>
    <Filter Include="리소스 파일">
      <UniqueIdentifier>{67DA6AB6-F800-4c08-8B7A-83BB121AAD01}</UniqueIdentifier>
      <Extensions>rc;ico;cur;bmp;dlg;rc2;rct;bin;rgs;gif;jpg;jpeg;jpe;resx;tiff;tif;png;wav;mfcribbon-ms</Extensions>
    </Filter>
    <Filter Include="소스 파일\01_멤버함수, 가상함수 동작 원리">
      <UniqueIdentifier>{b7160432-f82c-4743-a3f1-b31249c96a18}</UniqueIdentifier>
    </Filter>
    <Filter Include="소스 파일\01_멤버함수, 가상함수 동작 원리\실습">
      <UniqueIdentifier>{a7595460-d8dd-4f2f-8b54-3e7219af5a1e}</UniqueIdentifier>
    </Filter>
    <Filter Include="소스 파일\01_멤버함수, 가상함수 동작 원리\내용">
      <UniqueIdentifier>{d906f7fe-7755-44b8-a95c-fc4929f6c922}</UniqueIdentifier>
    </Filter>
    <Filter Include="소스 파일\02_다중상속">
      <UniqueIdentifier>{83fbc6b1-233f-4bc9-96f6-4ec246c720f6}</UniqueIdentifier>
    </Filter>
    <Filter Include="소스 파일\02_다중상속\실습">
      <UniqueIdentifier>{a24af1ca-70ee-4988-a1e9-7770ac1a3ec6}</UniqueIdentifier>
    </Filter>
    <Filter Include="소스 파일\02_다중상속\내용">
      <UniqueIdentifier>{c016fdda-c530-44ac-a0e5-043467221ddc}</UniqueIdentifier>
    </Filter>
    <Filter Include="소스 파일\03_OOP project">
      <UniqueIdentifier>{fd3c140a-2a6f-4e19-8fa1-a228cb77df98}</UniqueIdentifier>
    </Filter>
  </ItemGroup>
  <ItemGroup>
    <ClCompile Include="_Form.cpp">
      <Filter>소스 파일</Filter>
    </ClCompile>
    <ClCompile Include="01_FuncInObj1.cpp">
      <Filter>소스 파일\01_멤버함수, 가상함수 동작 원리\내용</Filter>
    </ClCompile>
    <ClCompile Include="02_FuncInObj2.cpp">
      <Filter>소스 파일\01_멤버함수, 가상함수 동작 원리\내용</Filter>
    </ClCompile>
    <ClCompile Include="03_VirtualInternal.cpp">
      <Filter>소스 파일\01_멤버함수, 가상함수 동작 원리\내용</Filter>
    </ClCompile>
    <ClCompile Include="01_MultiInherit1.cpp">
      <Filter>소스 파일\02_다중상속\내용</Filter>
    </ClCompile>
    <ClCompile Include="02_MultiInherit2.cpp">
      <Filter>소스 파일\02_다중상속\내용</Filter>
    </ClCompile>
    <ClCompile Include="03_MultiDerived3.cpp">
      <Filter>소스 파일\02_다중상속\내용</Filter>
    </ClCompile>
    <ClCompile Include="OOP_Account.cpp">
      <Filter>소스 파일\03_OOP project</Filter>
    </ClCompile>
    <ClCompile Include="OOP_AccountHandler.cpp">
      <Filter>소스 파일\03_OOP project</Filter>
    </ClCompile>
    <ClCompile Include="OOP_HighCreditAccount.cpp">
      <Filter>소스 파일\03_OOP project</Filter>
    </ClCompile>
    <ClCompile Include="OOP_Main.cpp">
      <Filter>소스 파일\03_OOP project</Filter>
    </ClCompile>
    <ClCompile Include="OOP_NormalAccount.cpp">
      <Filter>소스 파일\03_OOP project</Filter>
    </ClCompile>
    <ClCompile Include="OOP_BankingCommonDecl.cpp">
      <Filter>소스 파일\03_OOP project</Filter>
    </ClCompile>
  </ItemGroup>
  <ItemGroup>
    <ClInclude Include="OOP_Account.h">
      <Filter>소스 파일\03_OOP project</Filter>
    </ClInclude>
    <ClInclude Include="OOP_AccountHandler.h">
      <Filter>소스 파일\03_OOP project</Filter>
    </ClInclude>
    <ClInclude Include="OOP_HighCreditAccount.h">
      <Filter>소스 파일\03_OOP project</Filter>
    </ClInclude>
    <ClInclude Include="OOP_NormalAccount.h">
      <Filter>소스 파일\03_OOP project</Filter>
    </ClInclude>
  </ItemGroup>
</Project>