<?xml version="1.0" encoding="utf-8"?>
<Project ToolsVersion="4.0" xmlns="http://schemas.microsoft.com/developer/msbuild/2003">
  <ItemGroup>
    <Filter Include="소스 파일">
      <UniqueIdentifier>{4FC737F1-C7A5-4376-A066-2A32D752A2FF}</UniqueIdentifier>
      <Extensions>cpp;c;cc;cxx;def;odl;idl;hpj;bat;asm;asmx</Extensions>
    </Filter>
    <Filter Include="헤더 파일">
      <UniqueIdentifier>{93995380-89BD-4b04-88EB-625FBE52EBFB}</UniqueIdentifier>
      <Extensions>h;hh;hpp;hxx;hm;inl;inc;xsd</Extensions>
    </Filter>
    <Filter Include="리소스 파일">
      <UniqueIdentifier>{67DA6AB6-F800-4c08-8B7A-83BB121AAD01}</UniqueIdentifier>
      <Extensions>rc;ico;cur;bmp;dlg;rc2;rct;bin;rgs;gif;jpg;jpeg;jpe;resx;tiff;tif;png;wav;mfcribbon-ms</Extensions>
    </Filter>
    <Filter Include="소스 파일\01_시작">
      <UniqueIdentifier>{fb420ec3-2434-4c71-a4a5-8fe35cfda2ee}</UniqueIdentifier>
    </Filter>
    <Filter Include="소스 파일\01_시작\실습">
      <UniqueIdentifier>{b9d996ec-df05-4b44-886f-d877c7f94a9b}</UniqueIdentifier>
    </Filter>
    <Filter Include="소스 파일\01_시작\내용">
      <UniqueIdentifier>{8da8616b-6399-4e96-a9b0-e8301440fce4}</UniqueIdentifier>
    </Filter>
    <Filter Include="소스 파일\02_상속의 생성자, 소멸자">
      <UniqueIdentifier>{a123b2f8-e090-4d8a-b1f6-5ad5fe96bea3}</UniqueIdentifier>
    </Filter>
    <Filter Include="소스 파일\02_상속의 생성자, 소멸자\실습">
      <UniqueIdentifier>{6253d916-0412-48ee-9ed0-51dcbb76d7fa}</UniqueIdentifier>
    </Filter>
    <Filter Include="소스 파일\02_상속의 생성자, 소멸자\내용">
      <UniqueIdentifier>{79ebf18d-a894-4592-825d-f61038d7d7d9}</UniqueIdentifier>
    </Filter>
    <Filter Include="소스 파일\03_protected, 3가지 형태 상속">
      <UniqueIdentifier>{21aa4a65-ca4d-4478-9fa6-c5e385c68c19}</UniqueIdentifier>
    </Filter>
    <Filter Include="소스 파일\03_protected, 3가지 형태 상속\실습">
      <UniqueIdentifier>{3eefea56-eb5b-48d6-9735-7fdaebd6b051}</UniqueIdentifier>
    </Filter>
    <Filter Include="소스 파일\03_protected, 3가지 형태 상속\내용">
      <UniqueIdentifier>{d9ad6d34-8212-4128-a8fe-706626376d57}</UniqueIdentifier>
    </Filter>
    <Filter Include="소스 파일\04_상속을 위한 조건">
      <UniqueIdentifier>{6326b97b-0558-46eb-a31e-440c5d9bb0b3}</UniqueIdentifier>
    </Filter>
    <Filter Include="소스 파일\04_상속을 위한 조건\실습">
      <UniqueIdentifier>{ffbf78f2-bb68-4632-869c-05b95f16a56e}</UniqueIdentifier>
    </Filter>
    <Filter Include="소스 파일\04_상속을 위한 조건\내용">
      <UniqueIdentifier>{bec75f32-7c45-40a5-aa4d-fce283b4993b}</UniqueIdentifier>
    </Filter>
    <Filter Include="소스 파일\05_OOP project">
      <UniqueIdentifier>{6da665e6-a469-4cf6-8017-a29da68d2b3f}</UniqueIdentifier>
    </Filter>
  </ItemGroup>
  <ItemGroup>
    <ClCompile Include="_Form.cpp">
      <Filter>소스 파일</Filter>
    </ClCompile>
    <ClCompile Include="01_EmployeeManager1.cpp">
      <Filter>소스 파일\01_시작\내용</Filter>
    </ClCompile>
    <ClCompile Include="02_UnivStudentInheri.cpp">
      <Filter>소스 파일\01_시작\내용</Filter>
    </ClCompile>
    <ClCompile Include="01_DerivCreOrder.cpp">
      <Filter>소스 파일\02_상속의 생성자, 소멸자\내용</Filter>
    </ClCompile>
    <ClCompile Include="02_DerivDestOrder.cpp">
      <Filter>소스 파일\02_상속의 생성자, 소멸자\내용</Filter>
    </ClCompile>
    <ClCompile Include="03_DestModel.cpp">
      <Filter>소스 파일\02_상속의 생성자, 소멸자\내용</Filter>
    </ClCompile>
    <ClCompile Include="02_P01.cpp">
      <Filter>소스 파일\02_상속의 생성자, 소멸자\실습</Filter>
    </ClCompile>
    <ClCompile Include="02_P02.cpp">
      <Filter>소스 파일\02_상속의 생성자, 소멸자\실습</Filter>
    </ClCompile>
    <ClCompile Include="01_ProtectedInherit.cpp">
      <Filter>소스 파일\03_protected, 3가지 형태 상속\내용</Filter>
    </ClCompile>
    <ClCompile Include="02_PrivateInherit.cpp">
      <Filter>소스 파일\03_protected, 3가지 형태 상속\내용</Filter>
    </ClCompile>
    <ClCompile Include="03_PublicInherit.cpp">
      <Filter>소스 파일\03_protected, 3가지 형태 상속\내용</Filter>
    </ClCompile>
    <ClCompile Include="01_IsAInherit.cpp">
      <Filter>소스 파일\04_상속을 위한 조건\내용</Filter>
    </ClCompile>
    <ClCompile Include="02_HasInherit.cpp">
      <Filter>소스 파일\04_상속을 위한 조건\내용</Filter>
    </ClCompile>
    <ClCompile Include="03_HasComposite.cpp">
      <Filter>소스 파일\04_상속을 위한 조건\내용</Filter>
    </ClCompile>
    <ClCompile Include="04_P01.cpp">
      <Filter>소스 파일\04_상속을 위한 조건\실습</Filter>
    </ClCompile>
    <ClCompile Include="04_P02.cpp">
      <Filter>소스 파일\04_상속을 위한 조건\실습</Filter>
    </ClCompile>
    <ClCompile Include="OOP_Account.cpp">
      <Filter>소스 파일\05_OOP project</Filter>
    </ClCompile>
    <ClCompile Include="OOP_Main.cpp">
      <Filter>소스 파일\05_OOP project</Filter>
    </ClCompile>
    <ClCompile Include="OOP_AccountHandler.cpp">
      <Filter>소스 파일\05_OOP project</Filter>
    </ClCompile>
  </ItemGroup>
  <ItemGroup>
    <None Include="ClassDiagram.cd" />
    <None Include="ClassDiagram1.cd" />
  </ItemGroup>
  <ItemGroup>
    <ClInclude Include="OOP_Account.h">
      <Filter>소스 파일\05_OOP project</Filter>
    </ClInclude>
    <ClInclude Include="OOP_AccountHandler.h">
      <Filter>소스 파일\05_OOP project</Filter>
    </ClInclude>
  </ItemGroup>
</Project>