<?xml version="1.0" encoding="utf-8"?>
<Project ToolsVersion="4.0" xmlns="http://schemas.microsoft.com/developer/msbuild/2003">
  <ItemGroup>
    <Filter Include="소스 파일">
      <UniqueIdentifier>{4FC737F1-C7A5-4376-A066-2A32D752A2FF}</UniqueIdentifier>
      <Extensions>cpp;c;cc;cxx;def;odl;idl;hpj;bat;asm;asmx</Extensions>
    </Filter>
    <Filter Include="헤더 파일">
      <UniqueIdentifier>{93995380-89BD-4b04-88EB-625FBE52EBFB}</UniqueIdentifier>
      <Extensions>h;hh;hpp;hxx;hm;inl;inc;xsd</Extensions>
    </Filter>
    <Filter Include="리소스 파일">
      <UniqueIdentifier>{67DA6AB6-F800-4c08-8B7A-83BB121AAD01}</UniqueIdentifier>
      <Extensions>rc;ico;cur;bmp;dlg;rc2;rct;bin;rgs;gif;jpg;jpeg;jpe;resx;tiff;tif;png;wav;mfcribbon-ms</Extensions>
    </Filter>
    <Filter Include="소스 파일\01_%28필수%29 =연산자 오버로딩">
      <UniqueIdentifier>{3a347fab-7d19-4406-9c68-86be2fc5fce1}</UniqueIdentifier>
    </Filter>
    <Filter Include="소스 파일\01_%28필수%29 =연산자 오버로딩\실습">
      <UniqueIdentifier>{87e41b60-96ef-4641-9b23-467db59966a5}</UniqueIdentifier>
    </Filter>
    <Filter Include="소스 파일\01_%28필수%29 =연산자 오버로딩\내용">
      <UniqueIdentifier>{749764b6-3f18-40f4-a5f1-fcd55e6a757a}</UniqueIdentifier>
    </Filter>
    <Filter Include="소스 파일\02_[] 오버로딩 %28배열%29">
      <UniqueIdentifier>{dfbf68b1-faae-4c71-843f-6967f100a63f}</UniqueIdentifier>
    </Filter>
    <Filter Include="소스 파일\02_[] 오버로딩 %28배열%29\실습">
      <UniqueIdentifier>{84c8ed5c-50b8-4c3f-87d6-fd01bbab6d44}</UniqueIdentifier>
    </Filter>
    <Filter Include="소스 파일\02_[] 오버로딩 %28배열%29\내용">
      <UniqueIdentifier>{4a77bf18-46c3-4755-9bb5-3c73d62213f0}</UniqueIdentifier>
    </Filter>
    <Filter Include="소스 파일\03_그 이외 연산자">
      <UniqueIdentifier>{cd2e72ae-35a1-4739-b847-bfb769774140}</UniqueIdentifier>
    </Filter>
    <Filter Include="소스 파일\03_그 이외 연산자\실습">
      <UniqueIdentifier>{6eef5b95-5e5d-4c30-b8d9-faa797ba3bad}</UniqueIdentifier>
    </Filter>
    <Filter Include="소스 파일\03_그 이외 연산자\내용">
      <UniqueIdentifier>{ba5861a4-273f-4e3d-b493-4eda2f0cfbfa}</UniqueIdentifier>
    </Filter>
    <Filter Include="소스 파일\04_OOP project">
      <UniqueIdentifier>{4b04f3ba-9a66-4c5a-b394-ec52e691517d}</UniqueIdentifier>
    </Filter>
  </ItemGroup>
  <ItemGroup>
    <ClCompile Include="01_=Overloading.cpp">
      <Filter>소스 파일\01_%28필수%29 =연산자 오버로딩\내용</Filter>
    </ClCompile>
    <ClCompile Include="_Form.cpp">
      <Filter>소스 파일</Filter>
    </ClCompile>
    <ClCompile Include="02_=NotOverloadingError.cpp">
      <Filter>소스 파일\01_%28필수%29 =연산자 오버로딩\내용</Filter>
    </ClCompile>
    <ClCompile Include="03_=Overloading.cpp">
      <Filter>소스 파일\01_%28필수%29 =연산자 오버로딩\내용</Filter>
    </ClCompile>
    <ClCompile Include="04_Inherit=Operation.cpp">
      <Filter>소스 파일\01_%28필수%29 =연산자 오버로딩\내용</Filter>
    </ClCompile>
    <ClCompile Include="cout이 dynamic type에 따라 작동하게 오버로딩.cpp">
      <Filter>소스 파일\01_%28필수%29 =연산자 오버로딩\내용</Filter>
    </ClCompile>
    <ClCompile Include="참조형에 virtual 작동.cpp">
      <Filter>소스 파일\01_%28필수%29 =연산자 오버로딩\내용</Filter>
    </ClCompile>
    <ClCompile Include="01_P01.cpp">
      <Filter>소스 파일\01_%28필수%29 =연산자 오버로딩\실습</Filter>
    </ClCompile>
    <ClCompile Include="01_P02.cpp">
      <Filter>소스 파일\01_%28필수%29 =연산자 오버로딩\실습</Filter>
    </ClCompile>
    <ClCompile Include="객체 선언법.cpp">
      <Filter>소스 파일\01_%28필수%29 =연산자 오버로딩\내용</Filter>
    </ClCompile>
    <ClCompile Include="05_ImproveInit.cpp">
      <Filter>소스 파일\01_%28필수%29 =연산자 오버로딩\내용</Filter>
    </ClCompile>
    <ClCompile Include="01_ArrayClass.cpp">
      <Filter>소스 파일\02_[] 오버로딩 %28배열%29\내용</Filter>
    </ClCompile>
    <ClCompile Include="02_ConstArrayError.cpp">
      <Filter>소스 파일\02_[] 오버로딩 %28배열%29\내용</Filter>
    </ClCompile>
    <ClCompile Include="03_ConstArrayFixed.cpp">
      <Filter>소스 파일\02_[] 오버로딩 %28배열%29\내용</Filter>
    </ClCompile>
    <ClCompile Include="04_ObjArray.cpp">
      <Filter>소스 파일\02_[] 오버로딩 %28배열%29\내용</Filter>
    </ClCompile>
    <ClCompile Include="05_ObjPtrArray.cpp">
      <Filter>소스 파일\02_[] 오버로딩 %28배열%29\내용</Filter>
    </ClCompile>
    <ClCompile Include="02_P01.cpp">
      <Filter>소스 파일\02_[] 오버로딩 %28배열%29\실습</Filter>
    </ClCompile>
    <ClCompile Include="02_P02.cpp">
      <Filter>소스 파일\02_[] 오버로딩 %28배열%29\실습</Filter>
    </ClCompile>
    <ClCompile Include="01_NewDeleteOverloading.cpp">
      <Filter>소스 파일\03_그 이외 연산자\내용</Filter>
    </ClCompile>
    <ClCompile Include="02_NewDeleteArrOverloading.cpp">
      <Filter>소스 파일\03_그 이외 연산자\내용</Filter>
    </ClCompile>
    <ClCompile Include="03_PointerOperatorOverloading.cpp">
      <Filter>소스 파일\03_그 이외 연산자\내용</Filter>
    </ClCompile>
    <ClCompile Include="04_SmartPointer.cpp">
      <Filter>소스 파일\03_그 이외 연산자\내용</Filter>
    </ClCompile>
    <ClCompile Include="05_Functor%28%29.cpp">
      <Filter>소스 파일\03_그 이외 연산자\내용</Filter>
    </ClCompile>
    <ClCompile Include="06_SortFunctor().cpp">
      <Filter>소스 파일\03_그 이외 연산자\내용</Filter>
    </ClCompile>
    <ClCompile Include="07_ConvToObj.cpp">
      <Filter>소스 파일\03_그 이외 연산자\내용</Filter>
    </ClCompile>
    <ClCompile Include="08_ConvToPrimitive.cpp">
      <Filter>소스 파일\03_그 이외 연산자\내용</Filter>
    </ClCompile>
    <ClCompile Include="OOP_Account.cpp">
      <Filter>소스 파일\04_OOP project</Filter>
    </ClCompile>
    <ClCompile Include="OOP_AccountHandler.cpp">
      <Filter>소스 파일\04_OOP project</Filter>
    </ClCompile>
    <ClCompile Include="OOP_BankingCommonDecl.cpp">
      <Filter>소스 파일\04_OOP project</Filter>
    </ClCompile>
    <ClCompile Include="OOP_HighCreditAccount.cpp">
      <Filter>소스 파일\04_OOP project</Filter>
    </ClCompile>
    <ClCompile Include="OOP_Main.cpp">
      <Filter>소스 파일\04_OOP project</Filter>
    </ClCompile>
    <ClCompile Include="OOP_NormalAccount.cpp">
      <Filter>소스 파일\04_OOP project</Filter>
    </ClCompile>
    <ClCompile Include="OOP_AccountArray.cpp">
      <Filter>소스 파일\04_OOP project</Filter>
    </ClCompile>
  </ItemGroup>
  <ItemGroup>
    <ClInclude Include="OOP_Account.h">
      <Filter>소스 파일\04_OOP project</Filter>
    </ClInclude>
    <ClInclude Include="OOP_AccountHandler.h">
      <Filter>소스 파일\04_OOP project</Filter>
    </ClInclude>
    <ClInclude Include="OOP_HighCreditAccount.h">
      <Filter>소스 파일\04_OOP project</Filter>
    </ClInclude>
    <ClInclude Include="OOP_NormalAccount.h">
      <Filter>소스 파일\04_OOP project</Filter>
    </ClInclude>
    <ClInclude Include="OOP_AccountArray.h">
      <Filter>소스 파일\04_OOP project</Filter>
    </ClInclude>
  </ItemGroup>
</Project>