<?xml version="1.0" encoding="utf-8"?>
<Project ToolsVersion="4.0" xmlns="http://schemas.microsoft.com/developer/msbuild/2003">
  <ItemGroup>
    <Filter Include="소스 파일">
      <UniqueIdentifier>{4FC737F1-C7A5-4376-A066-2A32D752A2FF}</UniqueIdentifier>
      <Extensions>cpp;c;cc;cxx;def;odl;idl;hpj;bat;asm;asmx</Extensions>
    </Filter>
    <Filter Include="헤더 파일">
      <UniqueIdentifier>{93995380-89BD-4b04-88EB-625FBE52EBFB}</UniqueIdentifier>
      <Extensions>h;hh;hpp;hxx;hm;inl;inc;xsd</Extensions>
    </Filter>
    <Filter Include="리소스 파일">
      <UniqueIdentifier>{67DA6AB6-F800-4c08-8B7A-83BB121AAD01}</UniqueIdentifier>
      <Extensions>rc;ico;cur;bmp;dlg;rc2;rct;bin;rgs;gif;jpg;jpeg;jpe;resx;tiff;tif;png;wav;mfcribbon-ms</Extensions>
    </Filter>
    <Filter Include="소스 파일\01_Const">
      <UniqueIdentifier>{9ee6d12b-c89a-4ba5-9c05-1ad3293e7470}</UniqueIdentifier>
    </Filter>
    <Filter Include="소스 파일\01_Const\실습">
      <UniqueIdentifier>{0998657a-565f-42e3-81ce-6ea00c629389}</UniqueIdentifier>
    </Filter>
    <Filter Include="소스 파일\01_Const\내용">
      <UniqueIdentifier>{6cbdcc04-0512-4a80-bdbe-e8eac377248e}</UniqueIdentifier>
    </Filter>
    <Filter Include="소스 파일\02_Friend">
      <UniqueIdentifier>{9a54b564-25b9-4326-8444-48b8298874ca}</UniqueIdentifier>
    </Filter>
    <Filter Include="소스 파일\02_Friend\실습">
      <UniqueIdentifier>{75186569-064b-48ce-89a4-0c7b60f77af3}</UniqueIdentifier>
    </Filter>
    <Filter Include="소스 파일\02_Friend\내용">
      <UniqueIdentifier>{96d830ea-fe77-4fc2-9f06-95b69a5854f3}</UniqueIdentifier>
    </Filter>
    <Filter Include="소스 파일\03_C++ Static">
      <UniqueIdentifier>{4f19016b-c24d-4ccc-a905-15a5e1ed039c}</UniqueIdentifier>
    </Filter>
    <Filter Include="소스 파일\03_C++ Static\실습">
      <UniqueIdentifier>{cb5fd10b-f8d3-43c5-ae8f-fd3ff63549f6}</UniqueIdentifier>
    </Filter>
    <Filter Include="소스 파일\03_C++ Static\내용">
      <UniqueIdentifier>{26c30faf-a89c-43cf-ab20-cbd091645f68}</UniqueIdentifier>
    </Filter>
    <Filter Include="소스 파일\04_OOP project">
      <UniqueIdentifier>{a48cdace-7446-4807-9580-3d062f44c984}</UniqueIdentifier>
    </Filter>
  </ItemGroup>
  <ItemGroup>
    <ClCompile Include="01_ConstObj.cpp">
      <Filter>소스 파일\01_Const\내용</Filter>
    </ClCompile>
    <ClCompile Include="02_ConstOverloading.cpp">
      <Filter>소스 파일\01_Const\내용</Filter>
    </ClCompile>
    <ClCompile Include="01_Friend.cpp">
      <Filter>소스 파일\02_Friend\내용</Filter>
    </ClCompile>
    <ClCompile Include="02_FriendFunc.cpp">
      <Filter>소스 파일\02_Friend\내용</Filter>
    </ClCompile>
    <ClCompile Include="01_CStatic.cpp">
      <Filter>소스 파일\03_C++ Static\내용</Filter>
    </ClCompile>
    <ClCompile Include="02_NeedGlobal.cpp">
      <Filter>소스 파일\03_C++ Static\내용</Filter>
    </ClCompile>
    <ClCompile Include="03_StaticMember.cpp">
      <Filter>소스 파일\03_C++ Static\내용</Filter>
    </ClCompile>
    <ClCompile Include="04_PublicStaticMember.cpp">
      <Filter>소스 파일\03_C++ Static\내용</Filter>
    </ClCompile>
    <ClCompile Include="05_StaticFunc.cpp">
      <Filter>소스 파일\03_C++ Static\내용</Filter>
    </ClCompile>
    <ClCompile Include="06_ConstStaticMember.cpp">
      <Filter>소스 파일\03_C++ Static\내용</Filter>
    </ClCompile>
    <ClCompile Include="07_Mutable.cpp">
      <Filter>소스 파일\03_C++ Static\내용</Filter>
    </ClCompile>
    <ClCompile Include="OOP_Account.cpp">
      <Filter>소스 파일\04_OOP project</Filter>
    </ClCompile>
    <ClCompile Include="OOP_Main.cpp">
      <Filter>소스 파일\04_OOP project</Filter>
    </ClCompile>
    <ClCompile Include="_Form.cpp">
      <Filter>소스 파일</Filter>
    </ClCompile>
  </ItemGroup>
  <ItemGroup>
    <ClInclude Include="OOP_Account.h">
      <Filter>소스 파일\04_OOP project</Filter>
    </ClInclude>
  </ItemGroup>
</Project>