<?xml version="1.0" encoding="utf-8"?>
<Project ToolsVersion="4.0" xmlns="http://schemas.microsoft.com/developer/msbuild/2003">
  <ItemGroup>
    <Filter Include="소스 파일">
      <UniqueIdentifier>{4FC737F1-C7A5-4376-A066-2A32D752A2FF}</UniqueIdentifier>
      <Extensions>cpp;c;cc;cxx;def;odl;idl;hpj;bat;asm;asmx</Extensions>
    </Filter>
    <Filter Include="헤더 파일">
      <UniqueIdentifier>{93995380-89BD-4b04-88EB-625FBE52EBFB}</UniqueIdentifier>
      <Extensions>h;hh;hpp;hxx;hm;inl;inc;xsd</Extensions>
    </Filter>
    <Filter Include="리소스 파일">
      <UniqueIdentifier>{67DA6AB6-F800-4c08-8B7A-83BB121AAD01}</UniqueIdentifier>
      <Extensions>rc;ico;cur;bmp;dlg;rc2;rct;bin;rgs;gif;jpg;jpeg;jpe;resx;tiff;tif;png;wav;mfcribbon-ms</Extensions>
    </Filter>
    <Filter Include="소스 파일\01_객체 포인터 참조관계">
      <UniqueIdentifier>{32a8be11-e268-40ea-97b2-224e156d493b}</UniqueIdentifier>
    </Filter>
    <Filter Include="소스 파일\01_객체 포인터 참조관계\실습">
      <UniqueIdentifier>{df873225-d67b-498b-9778-e3af6c0df951}</UniqueIdentifier>
    </Filter>
    <Filter Include="소스 파일\01_객체 포인터 참조관계\내용">
      <UniqueIdentifier>{cabf63a3-8d3c-447d-bc6a-dd88cdaff69c}</UniqueIdentifier>
    </Filter>
    <Filter Include="소스 파일\02_Virtual Function">
      <UniqueIdentifier>{6f464790-aad8-4cc3-b4f4-3d6d6c5c0c4d}</UniqueIdentifier>
    </Filter>
    <Filter Include="소스 파일\02_Virtual Function\내용">
      <UniqueIdentifier>{61d29d2a-247c-4656-b1d7-4f9baad5f6ff}</UniqueIdentifier>
    </Filter>
    <Filter Include="소스 파일\02_Virtual Function\실습">
      <UniqueIdentifier>{c3b07ea5-a40e-42ca-b63f-cce71d79c998}</UniqueIdentifier>
    </Filter>
    <Filter Include="소스 파일\03_Virtual Destructor">
      <UniqueIdentifier>{a7cfaeb9-7d3d-4597-8d61-93deeddd674d}</UniqueIdentifier>
    </Filter>
    <Filter Include="소스 파일\03_Virtual Destructor\실습">
      <UniqueIdentifier>{d11f326b-2b21-46cc-86c7-efa47a70fd8c}</UniqueIdentifier>
    </Filter>
    <Filter Include="소스 파일\03_Virtual Destructor\내용">
      <UniqueIdentifier>{d0f6b79b-ff8f-46a4-a5f5-97a1e36600e3}</UniqueIdentifier>
    </Filter>
    <Filter Include="소스 파일\04_OOP project">
      <UniqueIdentifier>{ef5a2601-caf1-42fb-a2f7-d5f1589e0111}</UniqueIdentifier>
    </Filter>
  </ItemGroup>
  <ItemGroup>
    <ClCompile Include="01_ObjPointer.cpp">
      <Filter>소스 파일\01_객체 포인터 참조관계\내용</Filter>
    </ClCompile>
    <ClCompile Include="_Form.cpp">
      <Filter>소스 파일</Filter>
    </ClCompile>
    <ClCompile Include="02_EmployeeManager.cpp">
      <Filter>소스 파일\01_객체 포인터 참조관계\내용</Filter>
    </ClCompile>
    <ClCompile Include="03_EmployeeManager3.cpp">
      <Filter>소스 파일\01_객체 포인터 참조관계\내용</Filter>
    </ClCompile>
    <ClCompile Include="01_StaticDynamic.cpp">
      <Filter>소스 파일\02_Virtual Function\내용</Filter>
    </ClCompile>
    <ClCompile Include="02_FuncOverride.cpp">
      <Filter>소스 파일\02_Virtual Function\내용</Filter>
    </ClCompile>
    <ClCompile Include="03_FunctionVirtualOverride.cpp">
      <Filter>소스 파일\02_Virtual Function\내용</Filter>
    </ClCompile>
    <ClCompile Include="04_EmployeeManager4.cpp">
      <Filter>소스 파일\02_Virtual Function\내용</Filter>
    </ClCompile>
    <ClCompile Include="05_AbstractClass.cpp">
      <Filter>소스 파일\02_Virtual Function\내용</Filter>
    </ClCompile>
    <ClCompile Include="02_P01.cpp">
      <Filter>소스 파일\02_Virtual Function\실습</Filter>
    </ClCompile>
    <ClCompile Include="01_VirtualDestructor.cpp">
      <Filter>소스 파일\03_Virtual Destructor\내용</Filter>
    </ClCompile>
    <ClCompile Include="02_ReferenceAttribute.cpp">
      <Filter>소스 파일\03_Virtual Destructor\내용</Filter>
    </ClCompile>
    <ClCompile Include="OOP_Account.cpp">
      <Filter>소스 파일\04_OOP project</Filter>
    </ClCompile>
    <ClCompile Include="OOP_AccountHandler.cpp">
      <Filter>소스 파일\04_OOP project</Filter>
    </ClCompile>
    <ClCompile Include="OOP_Main.cpp">
      <Filter>소스 파일\04_OOP project</Filter>
    </ClCompile>
    <ClCompile Include="OOP_NormalAccount.cpp">
      <Filter>소스 파일\04_OOP project</Filter>
    </ClCompile>
    <ClCompile Include="OOP_HighCreditAccount.cpp">
      <Filter>소스 파일\04_OOP project</Filter>
    </ClCompile>
  </ItemGroup>
  <ItemGroup>
    <ClInclude Include="OOP_Account.h">
      <Filter>소스 파일\04_OOP project</Filter>
    </ClInclude>
    <ClInclude Include="OOP_AccountHandler.h">
      <Filter>소스 파일\04_OOP project</Filter>
    </ClInclude>
    <ClInclude Include="OOP_NormalAccount.h">
      <Filter>소스 파일\04_OOP project</Filter>
    </ClInclude>
    <ClInclude Include="OOP_HighCreditAccount.h">
      <Filter>소스 파일\04_OOP project</Filter>
    </ClInclude>
  </ItemGroup>
  <ItemGroup>
    <None Include="ClassDiagram.cd" />
  </ItemGroup>
</Project>